
Microsoft Visual Studio Solution File, Format Version 12.00
# Visual Studio Version 17
VisualStudioVersion = 17.12.35527.113 d17.12
MinimumVisualStudioVersion = 10.0.40219.1
Project("{FAE04EC0-301F-11D3-BF4B-00C04F79EFBC}") = "MissionControl.Client", "MissionControl.Client\MissionControl.Client.csproj", "{83A639F4-FB01-4637-A13A-E3B198A17B3F}"
EndProject
Project("{FAE04EC0-301F-11D3-BF4B-00C04F79EFBC}") = "MissionControl.Shared", "MissionControl.Shared\MissionControl.Shared.csproj", "{D0679A0E-8C7C-42BD-8B55-DFE30D8D4121}"
EndProject
Project("{FAE04EC0-301F-11D3-BF4B-00C04F79EFBC}") = "MissionControl.Server", "MissionControl.Server\MissionControl.Server.csproj", "{0A4C619C-64FE-48A5-9BE6-626D5899CAEE}"
EndProject
Project("{FAE04EC0-301F-11D3-BF4B-00C04F79EFBC}") = "MissionControl.Business", "MissionControl.Business\MissionControl.Business.csproj", "{F985B28B-1A4B-4EDE-9D2C-F87AB9AD598E}"
EndProject
Project("{FAE04EC0-301F-11D3-BF4B-00C04F79EFBC}") = "MissionControl.Data", "MissionControl.Data\MissionControl.Data.csproj", "{1D44E56E-3023-4167-AF5F-909C4BAB49E1}"
EndProject
Global
	GlobalSection(SolutionConfigurationPlatforms) = preSolution
		Debug|Any CPU = Debug|Any CPU
		Release|Any CPU = Release|Any CPU
	EndGlobalSection
	GlobalSection(ProjectConfigurationPlatforms) = postSolution
		{83A639F4-FB01-4637-A13A-E3B198A17B3F}.Debug|Any CPU.ActiveCfg = Debug|Any CPU
		{83A639F4-FB01-4637-A13A-E3B198A17B3F}.Debug|Any CPU.Build.0 = Debug|Any CPU
		{83A639F4-FB01-4637-A13A-E3B198A17B3F}.Release|Any CPU.ActiveCfg = Release|Any CPU
		{83A639F4-FB01-4637-A13A-E3B198A17B3F}.Release|Any CPU.Build.0 = Release|Any CPU
		{D0679A0E-8C7C-42BD-8B55-DFE30D8D4121}.Debug|Any CPU.ActiveCfg = Debug|Any CPU
		{D0679A0E-8C7C-42BD-8B55-DFE30D8D4121}.Debug|Any CPU.Build.0 = Debug|Any CPU
		{D0679A0E-8C7C-42BD-8B55-DFE30D8D4121}.Release|Any CPU.ActiveCfg = Release|Any CPU
		{D0679A0E-8C7C-42BD-8B55-DFE30D8D4121}.Release|Any CPU.Build.0 = Release|Any CPU
		{0A4C619C-64FE-48A5-9BE6-626D5899CAEE}.Debug|Any CPU.ActiveCfg = Debug|Any CPU
		{0A4C619C-64FE-48A5-9BE6-626D5899CAEE}.Debug|Any CPU.Build.0 = Debug|Any CPU
		{0A4C619C-64FE-48A5-9BE6-626D5899CAEE}.Release|Any CPU.ActiveCfg = Release|Any CPU
		{0A4C619C-64FE-48A5-9BE6-626D5899CAEE}.Release|Any CPU.Build.0 = Release|Any CPU
		{F985B28B-1A4B-4EDE-9D2C-F87AB9AD598E}.Debug|Any CPU.ActiveCfg = Debug|Any CPU
		{F985B28B-1A4B-4EDE-9D2C-F87AB9AD598E}.Debug|Any CPU.Build.0 = Debug|Any CPU
		{F985B28B-1A4B-4EDE-9D2C-F87AB9AD598E}.Release|Any CPU.ActiveCfg = Release|Any CPU
		{F985B28B-1A4B-4EDE-9D2C-F87AB9AD598E}.Release|Any CPU.Build.0 = Release|Any CPU
		{1D44E56E-3023-4167-AF5F-909C4BAB49E1}.Debug|Any CPU.ActiveCfg = Debug|Any CPU
		{1D44E56E-3023-4167-AF5F-909C4BAB49E1}.Debug|Any CPU.Build.0 = Debug|Any CPU
		{1D44E56E-3023-4167-AF5F-909C4BAB49E1}.Release|Any CPU.ActiveCfg = Release|Any CPU
		{1D44E56E-3023-4167-AF5F-909C4BAB49E1}.Release|Any CPU.Build.0 = Release|Any CPU
	EndGlobalSection
	GlobalSection(SolutionProperties) = preSolution
		HideSolutionNode = FALSE
	EndGlobalSection
EndGlobal
